
Microsoft Visual Studio Solution File, Format Version 12.00
# Visual Studio Version 17
VisualStudioVersion = 17.5.002.0
MinimumVisualStudioVersion = 10.0.40219.1
Project("{9A19103F-16F7-4668-BE54-9A1E7A4F7556}") = "Multiplo", "Multiplo.csproj", "{972EB267-A008-4326-AE69-918A0D9D590E}"
EndProject
Global
	GlobalSection(SolutionConfigurationPlatforms) = preSolution
		Debug|Any CPU = Debug|Any CPU
		Release|Any CPU = Release|Any CPU
	EndGlobalSection
	GlobalSection(ProjectConfigurationPlatforms) = postSolution
		{972EB267-A008-4326-AE69-918A0D9D590E}.Debug|Any CPU.ActiveCfg = Debug|Any CPU
		{972EB267-A008-4326-AE69-918A0D9D590E}.Debug|Any CPU.Build.0 = Debug|Any CPU
		{972EB267-A008-4326-AE69-918A0D9D590E}.Release|Any CPU.ActiveCfg = Release|Any CPU
		{972EB267-A008-4326-AE69-918A0D9D590E}.Release|Any CPU.Build.0 = Release|Any CPU
	EndGlobalSection
	GlobalSection(SolutionProperties) = preSolution
		HideSolutionNode = FALSE
	EndGlobalSection
	GlobalSection(ExtensibilityGlobals) = postSolution
		SolutionGuid = {1600777D-5702-40F8-A56F-CD157AD25DD7}
	EndGlobalSection
EndGlobal
